
Microsoft Visual Studio Solution File, Format Version 12.00
# Visual Studio Version 17
VisualStudioVersion = 17.13.35919.96 d17.13
MinimumVisualStudioVersion = 10.0.40219.1
Project("{FAE04EC0-301F-11D3-BF4B-00C04F79EFBC}") = "api_for_sambapos", "api_for_sambapos\api_for_sambapos.csproj", "{35C7F789-A3B7-4D11-B619-6A2B105FCEA7}"
EndProject
Global
	GlobalSection(SolutionConfigurationPlatforms) = preSolution
		Debug|Any CPU = Debug|Any CPU
		Release|Any CPU = Release|Any CPU
	EndGlobalSection
	GlobalSection(ProjectConfigurationPlatforms) = postSolution
		{35C7F789-A3B7-4D11-B619-6A2B105FCEA7}.Debug|Any CPU.ActiveCfg = Debug|Any CPU
		{35C7F789-A3B7-4D11-B619-6A2B105FCEA7}.Debug|Any CPU.Build.0 = Debug|Any CPU
		{35C7F789-A3B7-4D11-B619-6A2B105FCEA7}.Release|Any CPU.ActiveCfg = Release|Any CPU
		{35C7F789-A3B7-4D11-B619-6A2B105FCEA7}.Release|Any CPU.Build.0 = Release|Any CPU
	EndGlobalSection
	GlobalSection(SolutionProperties) = preSolution
		HideSolutionNode = FALSE
	EndGlobalSection
	GlobalSection(ExtensibilityGlobals) = postSolution
		SolutionGuid = {052E6061-866C-4BB0-B71F-7A111E82FB08}
	EndGlobalSection
EndGlobal
